
Microsoft Visual Studio Solution File, Format Version 12.00
# Visual Studio Version 16
VisualStudioVersion = 16.0.31515.178
MinimumVisualStudioVersion = 10.0.40219.1
Project("{9A19103F-16F7-4668-BE54-9A1E7A4F7556}") = "Intermidiate", "Intermidiate.csproj", "{375100BE-1A99-4364-8D13-1B26FF8FA43D}"
EndProject
Global
	GlobalSection(SolutionConfigurationPlatforms) = preSolution
		Debug|Any CPU = Debug|Any CPU
		Release|Any CPU = Release|Any CPU
	EndGlobalSection
	GlobalSection(ProjectConfigurationPlatforms) = postSolution
		{375100BE-1A99-4364-8D13-1B26FF8FA43D}.Debug|Any CPU.ActiveCfg = Debug|Any CPU
		{375100BE-1A99-4364-8D13-1B26FF8FA43D}.Debug|Any CPU.Build.0 = Debug|Any CPU
		{375100BE-1A99-4364-8D13-1B26FF8FA43D}.Release|Any CPU.ActiveCfg = Release|Any CPU
		{375100BE-1A99-4364-8D13-1B26FF8FA43D}.Release|Any CPU.Build.0 = Release|Any CPU
	EndGlobalSection
	GlobalSection(SolutionProperties) = preSolution
		HideSolutionNode = FALSE
	EndGlobalSection
	GlobalSection(ExtensibilityGlobals) = postSolution
		SolutionGuid = {93DB8ECF-3815-496D-911D-335D045F15FF}
	EndGlobalSection
EndGlobal
